
Microsoft Visual Studio Solution File, Format Version 12.00
# Visual Studio 15
VisualStudioVersion = 15.0.27130.2010
MinimumVisualStudioVersion = 10.0.40219.1
Project("{2150E333-8FDC-42A3-9474-1A3956D46DE8}") = "4.5.2", "4.5.2", "{3E4B9600-4A65-4B10-B2F0-8ABE47FCE359}"
EndProject
Project("{2150E333-8FDC-42A3-9474-1A3956D46DE8}") = "3.5", "3.5", "{2CA30B1C-1ABB-4733-ADFD-8B5CEE9DDBD3}"
EndProject
Project("{FAE04EC0-301F-11D3-BF4B-00C04F79EFBC}") = "MessagingLibrary-3.5", "MessagingLibrary-3.5\MessagingLibrary-3.5.csproj", "{FB20D342-7B96-4337-B714-2E470F57F6A2}"
EndProject
Project("{FAE04EC0-301F-11D3-BF4B-00C04F79EFBC}") = "MessagingLibrary-4.5.2", "MessagingLibrary-4.5.2\MessagingLibrary-4.5.2.csproj", "{17570103-547B-4B4D-A17F-F4E558ECAFBA}"
EndProject
Project("{FAE04EC0-301F-11D3-BF4B-00C04F79EFBC}") = "Consolidated Unit Tests-4.5.2", "Consolidated Unit Tests-4.5.2\Consolidated Unit Tests-4.5.2.csproj", "{289D8D12-E392-43C4-A534-5358124FDFF4}"
EndProject
Project("{FAE04EC0-301F-11D3-BF4B-00C04F79EFBC}") = "Consolidated Unit Tests-3.5", "Consolidated Unit Tests-3.5\Consolidated Unit Tests-3.5.csproj", "{9E21405E-3451-484C-8286-F9C1C57E90B6}"
EndProject
Global
	GlobalSection(SolutionConfigurationPlatforms) = preSolution
		Debug|Any CPU = Debug|Any CPU
		Release|Any CPU = Release|Any CPU
	EndGlobalSection
	GlobalSection(ProjectConfigurationPlatforms) = postSolution
		{FB20D342-7B96-4337-B714-2E470F57F6A2}.Debug|Any CPU.ActiveCfg = Debug|Any CPU
		{FB20D342-7B96-4337-B714-2E470F57F6A2}.Debug|Any CPU.Build.0 = Debug|Any CPU
		{FB20D342-7B96-4337-B714-2E470F57F6A2}.Release|Any CPU.ActiveCfg = Release|Any CPU
		{FB20D342-7B96-4337-B714-2E470F57F6A2}.Release|Any CPU.Build.0 = Release|Any CPU
		{17570103-547B-4B4D-A17F-F4E558ECAFBA}.Debug|Any CPU.ActiveCfg = Debug|Any CPU
		{17570103-547B-4B4D-A17F-F4E558ECAFBA}.Debug|Any CPU.Build.0 = Debug|Any CPU
		{17570103-547B-4B4D-A17F-F4E558ECAFBA}.Release|Any CPU.ActiveCfg = Release|Any CPU
		{17570103-547B-4B4D-A17F-F4E558ECAFBA}.Release|Any CPU.Build.0 = Release|Any CPU
		{289D8D12-E392-43C4-A534-5358124FDFF4}.Debug|Any CPU.ActiveCfg = Debug|Any CPU
		{289D8D12-E392-43C4-A534-5358124FDFF4}.Debug|Any CPU.Build.0 = Debug|Any CPU
		{289D8D12-E392-43C4-A534-5358124FDFF4}.Release|Any CPU.ActiveCfg = Release|Any CPU
		{289D8D12-E392-43C4-A534-5358124FDFF4}.Release|Any CPU.Build.0 = Release|Any CPU
		{9E21405E-3451-484C-8286-F9C1C57E90B6}.Debug|Any CPU.ActiveCfg = Debug|Any CPU
		{9E21405E-3451-484C-8286-F9C1C57E90B6}.Debug|Any CPU.Build.0 = Debug|Any CPU
		{9E21405E-3451-484C-8286-F9C1C57E90B6}.Release|Any CPU.ActiveCfg = Release|Any CPU
		{9E21405E-3451-484C-8286-F9C1C57E90B6}.Release|Any CPU.Build.0 = Release|Any CPU
	EndGlobalSection
	GlobalSection(SolutionProperties) = preSolution
		HideSolutionNode = FALSE
	EndGlobalSection
	GlobalSection(NestedProjects) = preSolution
		{FB20D342-7B96-4337-B714-2E470F57F6A2} = {2CA30B1C-1ABB-4733-ADFD-8B5CEE9DDBD3}
		{17570103-547B-4B4D-A17F-F4E558ECAFBA} = {3E4B9600-4A65-4B10-B2F0-8ABE47FCE359}
		{289D8D12-E392-43C4-A534-5358124FDFF4} = {3E4B9600-4A65-4B10-B2F0-8ABE47FCE359}
		{9E21405E-3451-484C-8286-F9C1C57E90B6} = {2CA30B1C-1ABB-4733-ADFD-8B5CEE9DDBD3}
	EndGlobalSection
	GlobalSection(ExtensibilityGlobals) = postSolution
		SolutionGuid = {3EF9AC97-8CCF-4F95-9490-A294017E050A}
	EndGlobalSection
EndGlobal
